{
  "requires": true,
  "lockfileVersion": 1,
  "dependencies": {
    "@types/google-maps": {
      "version": "3.2.0",
      "resolved": "http://registry.npmjs.org/@types/google-maps/-/google-maps-3.2.0.tgz",
      "integrity": "sha1-gEo66aySZbTg0VCLW5uJSGeXT4I=",
      "dev": true,
      "requires": {
        "@types/googlemaps": "3.30.16"
      }
    },
    "@types/googlemaps": {
      "version": "3.30.16",
      "resolved": "https://registry.npmjs.org/@types/googlemaps/-/googlemaps-3.30.16.tgz",
      "integrity": "sha512-6OZ64ahLzYfzuSr71y4jAHZXiwxjvvEM2bfF2tzjIc9KUZVbO30SkYa8WewTsR8aM5BFz/uBiNlZ14eRLXYS0g==",
      "dev": true
    }
  }
}
